
Microsoft Visual Studio Solution File, Format Version 12.00
# Visual Studio Version 17
VisualStudioVersion = 17.13.35818.85 d17.13
MinimumVisualStudioVersion = 10.0.40219.1
Project("{FAE04EC0-301F-11D3-BF4B-00C04F79EFBC}") = "RaisingAnAdventurer", "RaisingAnAdventurer\RaisingAnAdventurer.csproj", "{11F9890E-625D-4EBB-BD01-68E2B439016B}"
EndProject
Global
	GlobalSection(SolutionConfigurationPlatforms) = preSolution
		Debug|Any CPU = Debug|Any CPU
		Release|Any CPU = Release|Any CPU
	EndGlobalSection
	GlobalSection(ProjectConfigurationPlatforms) = postSolution
		{11F9890E-625D-4EBB-BD01-68E2B439016B}.Debug|Any CPU.ActiveCfg = Debug|Any CPU
		{11F9890E-625D-4EBB-BD01-68E2B439016B}.Debug|Any CPU.Build.0 = Debug|Any CPU
		{11F9890E-625D-4EBB-BD01-68E2B439016B}.Release|Any CPU.ActiveCfg = Release|Any CPU
		{11F9890E-625D-4EBB-BD01-68E2B439016B}.Release|Any CPU.Build.0 = Release|Any CPU
	EndGlobalSection
	GlobalSection(SolutionProperties) = preSolution
		HideSolutionNode = FALSE
	EndGlobalSection
	GlobalSection(ExtensibilityGlobals) = postSolution
		SolutionGuid = {E329EBA2-A29C-4093-9803-18B44C1EA923}
	EndGlobalSection
EndGlobal
