
Microsoft Visual Studio Solution File, Format Version 12.00
# Visual Studio Version 17
VisualStudioVersion = 17.13.35818.85 d17.13
MinimumVisualStudioVersion = 10.0.40219.1
Project("{FAE04EC0-301F-11D3-BF4B-00C04F79EFBC}") = "Day08_3", "Day08_3\Day08_3.csproj", "{D003C4FD-AC7E-4D8D-AE50-4CF12525FB5B}"
EndProject
Global
	GlobalSection(SolutionConfigurationPlatforms) = preSolution
		Debug|Any CPU = Debug|Any CPU
		Release|Any CPU = Release|Any CPU
	EndGlobalSection
	GlobalSection(ProjectConfigurationPlatforms) = postSolution
		{D003C4FD-AC7E-4D8D-AE50-4CF12525FB5B}.Debug|Any CPU.ActiveCfg = Debug|Any CPU
		{D003C4FD-AC7E-4D8D-AE50-4CF12525FB5B}.Debug|Any CPU.Build.0 = Debug|Any CPU
		{D003C4FD-AC7E-4D8D-AE50-4CF12525FB5B}.Release|Any CPU.ActiveCfg = Release|Any CPU
		{D003C4FD-AC7E-4D8D-AE50-4CF12525FB5B}.Release|Any CPU.Build.0 = Release|Any CPU
	EndGlobalSection
	GlobalSection(SolutionProperties) = preSolution
		HideSolutionNode = FALSE
	EndGlobalSection
	GlobalSection(ExtensibilityGlobals) = postSolution
		SolutionGuid = {46354D0A-C5CC-493A-81F5-0E282D0DCD2C}
	EndGlobalSection
EndGlobal
