
Microsoft Visual Studio Solution File, Format Version 12.00
# Visual Studio Version 17
VisualStudioVersion = 17.13.35818.85 d17.13
MinimumVisualStudioVersion = 10.0.40219.1
Project("{FAE04EC0-301F-11D3-BF4B-00C04F79EFBC}") = "Day09_4", "Day09_4\Day09_4.csproj", "{AD4E0875-890D-4C9E-A226-9B979C9D7994}"
EndProject
Global
	GlobalSection(SolutionConfigurationPlatforms) = preSolution
		Debug|Any CPU = Debug|Any CPU
		Release|Any CPU = Release|Any CPU
	EndGlobalSection
	GlobalSection(ProjectConfigurationPlatforms) = postSolution
		{AD4E0875-890D-4C9E-A226-9B979C9D7994}.Debug|Any CPU.ActiveCfg = Debug|Any CPU
		{AD4E0875-890D-4C9E-A226-9B979C9D7994}.Debug|Any CPU.Build.0 = Debug|Any CPU
		{AD4E0875-890D-4C9E-A226-9B979C9D7994}.Release|Any CPU.ActiveCfg = Release|Any CPU
		{AD4E0875-890D-4C9E-A226-9B979C9D7994}.Release|Any CPU.Build.0 = Release|Any CPU
	EndGlobalSection
	GlobalSection(SolutionProperties) = preSolution
		HideSolutionNode = FALSE
	EndGlobalSection
	GlobalSection(ExtensibilityGlobals) = postSolution
		SolutionGuid = {141422C9-1C14-4211-B006-88D76C76CD26}
	EndGlobalSection
EndGlobal
