
Microsoft Visual Studio Solution File, Format Version 12.00
# Visual Studio Version 17
VisualStudioVersion = 17.13.35818.85 d17.13
MinimumVisualStudioVersion = 10.0.40219.1
Project("{FAE04EC0-301F-11D3-BF4B-00C04F79EFBC}") = "Day09_7", "Day09_7\Day09_7.csproj", "{F32C9D22-B405-4AAE-B978-FC6E3BAE344C}"
EndProject
Global
	GlobalSection(SolutionConfigurationPlatforms) = preSolution
		Debug|Any CPU = Debug|Any CPU
		Release|Any CPU = Release|Any CPU
	EndGlobalSection
	GlobalSection(ProjectConfigurationPlatforms) = postSolution
		{F32C9D22-B405-4AAE-B978-FC6E3BAE344C}.Debug|Any CPU.ActiveCfg = Debug|Any CPU
		{F32C9D22-B405-4AAE-B978-FC6E3BAE344C}.Debug|Any CPU.Build.0 = Debug|Any CPU
		{F32C9D22-B405-4AAE-B978-FC6E3BAE344C}.Release|Any CPU.ActiveCfg = Release|Any CPU
		{F32C9D22-B405-4AAE-B978-FC6E3BAE344C}.Release|Any CPU.Build.0 = Release|Any CPU
	EndGlobalSection
	GlobalSection(SolutionProperties) = preSolution
		HideSolutionNode = FALSE
	EndGlobalSection
	GlobalSection(ExtensibilityGlobals) = postSolution
		SolutionGuid = {A06CBF18-EF61-4DBB-B896-B72828DA1083}
	EndGlobalSection
EndGlobal
