
Microsoft Visual Studio Solution File, Format Version 12.00
# Visual Studio Version 17
VisualStudioVersion = 17.13.35818.85 d17.13
MinimumVisualStudioVersion = 10.0.40219.1
Project("{FAE04EC0-301F-11D3-BF4B-00C04F79EFBC}") = "Day02", "Day02\Day02.csproj", "{DA0C933C-0A30-4F51-9F09-EE23F1CF1CFC}"
EndProject
Global
	GlobalSection(SolutionConfigurationPlatforms) = preSolution
		Debug|Any CPU = Debug|Any CPU
		Release|Any CPU = Release|Any CPU
	EndGlobalSection
	GlobalSection(ProjectConfigurationPlatforms) = postSolution
		{DA0C933C-0A30-4F51-9F09-EE23F1CF1CFC}.Debug|Any CPU.ActiveCfg = Debug|Any CPU
		{DA0C933C-0A30-4F51-9F09-EE23F1CF1CFC}.Debug|Any CPU.Build.0 = Debug|Any CPU
		{DA0C933C-0A30-4F51-9F09-EE23F1CF1CFC}.Release|Any CPU.ActiveCfg = Release|Any CPU
		{DA0C933C-0A30-4F51-9F09-EE23F1CF1CFC}.Release|Any CPU.Build.0 = Release|Any CPU
	EndGlobalSection
	GlobalSection(SolutionProperties) = preSolution
		HideSolutionNode = FALSE
	EndGlobalSection
	GlobalSection(ExtensibilityGlobals) = postSolution
		SolutionGuid = {DC0FC7AF-A4AA-4389-A1E6-2237D34EBAF9}
	EndGlobalSection
EndGlobal
