
Microsoft Visual Studio Solution File, Format Version 12.00
# Visual Studio Version 17
VisualStudioVersion = 17.13.35818.85 d17.13
MinimumVisualStudioVersion = 10.0.40219.1
Project("{FAE04EC0-301F-11D3-BF4B-00C04F79EFBC}") = "Day07_Quest4", "Day07_Quest4\Day07_Quest4.csproj", "{E74638FB-5D0D-42C6-9ADF-A52296B50F2E}"
EndProject
Global
	GlobalSection(SolutionConfigurationPlatforms) = preSolution
		Debug|Any CPU = Debug|Any CPU
		Release|Any CPU = Release|Any CPU
	EndGlobalSection
	GlobalSection(ProjectConfigurationPlatforms) = postSolution
		{E74638FB-5D0D-42C6-9ADF-A52296B50F2E}.Debug|Any CPU.ActiveCfg = Debug|Any CPU
		{E74638FB-5D0D-42C6-9ADF-A52296B50F2E}.Debug|Any CPU.Build.0 = Debug|Any CPU
		{E74638FB-5D0D-42C6-9ADF-A52296B50F2E}.Release|Any CPU.ActiveCfg = Release|Any CPU
		{E74638FB-5D0D-42C6-9ADF-A52296B50F2E}.Release|Any CPU.Build.0 = Release|Any CPU
	EndGlobalSection
	GlobalSection(SolutionProperties) = preSolution
		HideSolutionNode = FALSE
	EndGlobalSection
	GlobalSection(ExtensibilityGlobals) = postSolution
		SolutionGuid = {E158FF4A-EC7A-4E64-9732-1D245CA9AFE9}
	EndGlobalSection
EndGlobal
