
Microsoft Visual Studio Solution File, Format Version 12.00
# Visual Studio Version 17
VisualStudioVersion = 17.13.35818.85 d17.13
MinimumVisualStudioVersion = 10.0.40219.1
Project("{FAE04EC0-301F-11D3-BF4B-00C04F79EFBC}") = "Day07_2", "Day07_2\Day07_2.csproj", "{B2EB8783-091D-4664-BC78-B4C35062631F}"
EndProject
Global
	GlobalSection(SolutionConfigurationPlatforms) = preSolution
		Debug|Any CPU = Debug|Any CPU
		Release|Any CPU = Release|Any CPU
	EndGlobalSection
	GlobalSection(ProjectConfigurationPlatforms) = postSolution
		{B2EB8783-091D-4664-BC78-B4C35062631F}.Debug|Any CPU.ActiveCfg = Debug|Any CPU
		{B2EB8783-091D-4664-BC78-B4C35062631F}.Debug|Any CPU.Build.0 = Debug|Any CPU
		{B2EB8783-091D-4664-BC78-B4C35062631F}.Release|Any CPU.ActiveCfg = Release|Any CPU
		{B2EB8783-091D-4664-BC78-B4C35062631F}.Release|Any CPU.Build.0 = Release|Any CPU
	EndGlobalSection
	GlobalSection(SolutionProperties) = preSolution
		HideSolutionNode = FALSE
	EndGlobalSection
	GlobalSection(ExtensibilityGlobals) = postSolution
		SolutionGuid = {2268A054-1344-4DBD-8B58-FD152A59E33E}
	EndGlobalSection
EndGlobal
