
Microsoft Visual Studio Solution File, Format Version 12.00
# Visual Studio Version 17
VisualStudioVersion = 17.13.35818.85 d17.13
MinimumVisualStudioVersion = 10.0.40219.1
Project("{FAE04EC0-301F-11D3-BF4B-00C04F79EFBC}") = "Day08_2", "Day08_2\Day08_2.csproj", "{0E038A13-9F55-4B12-B0DE-236800FC1BD2}"
EndProject
Global
	GlobalSection(SolutionConfigurationPlatforms) = preSolution
		Debug|Any CPU = Debug|Any CPU
		Release|Any CPU = Release|Any CPU
	EndGlobalSection
	GlobalSection(ProjectConfigurationPlatforms) = postSolution
		{0E038A13-9F55-4B12-B0DE-236800FC1BD2}.Debug|Any CPU.ActiveCfg = Debug|Any CPU
		{0E038A13-9F55-4B12-B0DE-236800FC1BD2}.Debug|Any CPU.Build.0 = Debug|Any CPU
		{0E038A13-9F55-4B12-B0DE-236800FC1BD2}.Release|Any CPU.ActiveCfg = Release|Any CPU
		{0E038A13-9F55-4B12-B0DE-236800FC1BD2}.Release|Any CPU.Build.0 = Release|Any CPU
	EndGlobalSection
	GlobalSection(SolutionProperties) = preSolution
		HideSolutionNode = FALSE
	EndGlobalSection
	GlobalSection(ExtensibilityGlobals) = postSolution
		SolutionGuid = {45013133-5972-4D18-8A8D-1C8E652A3825}
	EndGlobalSection
EndGlobal
