
Microsoft Visual Studio Solution File, Format Version 12.00
# Visual Studio Version 17
VisualStudioVersion = 17.13.35818.85 d17.13
MinimumVisualStudioVersion = 10.0.40219.1
Project("{FAE04EC0-301F-11D3-BF4B-00C04F79EFBC}") = "Day07_5", "Day07_5\Day07_5.csproj", "{8B759084-DC08-4E64-A61B-8D1274E748DA}"
EndProject
Global
	GlobalSection(SolutionConfigurationPlatforms) = preSolution
		Debug|Any CPU = Debug|Any CPU
		Release|Any CPU = Release|Any CPU
	EndGlobalSection
	GlobalSection(ProjectConfigurationPlatforms) = postSolution
		{8B759084-DC08-4E64-A61B-8D1274E748DA}.Debug|Any CPU.ActiveCfg = Debug|Any CPU
		{8B759084-DC08-4E64-A61B-8D1274E748DA}.Debug|Any CPU.Build.0 = Debug|Any CPU
		{8B759084-DC08-4E64-A61B-8D1274E748DA}.Release|Any CPU.ActiveCfg = Release|Any CPU
		{8B759084-DC08-4E64-A61B-8D1274E748DA}.Release|Any CPU.Build.0 = Release|Any CPU
	EndGlobalSection
	GlobalSection(SolutionProperties) = preSolution
		HideSolutionNode = FALSE
	EndGlobalSection
	GlobalSection(ExtensibilityGlobals) = postSolution
		SolutionGuid = {CA315C7A-EBF6-40CC-8EC4-833B05B60E14}
	EndGlobalSection
EndGlobal
