
Microsoft Visual Studio Solution File, Format Version 12.00
# Visual Studio Version 17
VisualStudioVersion = 17.13.35818.85 d17.13
MinimumVisualStudioVersion = 10.0.40219.1
Project("{FAE04EC0-301F-11D3-BF4B-00C04F79EFBC}") = "Day04", "Day04\Day04.csproj", "{D699F64C-965C-4C2D-BCC5-1DF94D4BEDE8}"
EndProject
Global
	GlobalSection(SolutionConfigurationPlatforms) = preSolution
		Debug|Any CPU = Debug|Any CPU
		Release|Any CPU = Release|Any CPU
	EndGlobalSection
	GlobalSection(ProjectConfigurationPlatforms) = postSolution
		{D699F64C-965C-4C2D-BCC5-1DF94D4BEDE8}.Debug|Any CPU.ActiveCfg = Debug|Any CPU
		{D699F64C-965C-4C2D-BCC5-1DF94D4BEDE8}.Debug|Any CPU.Build.0 = Debug|Any CPU
		{D699F64C-965C-4C2D-BCC5-1DF94D4BEDE8}.Release|Any CPU.ActiveCfg = Release|Any CPU
		{D699F64C-965C-4C2D-BCC5-1DF94D4BEDE8}.Release|Any CPU.Build.0 = Release|Any CPU
	EndGlobalSection
	GlobalSection(SolutionProperties) = preSolution
		HideSolutionNode = FALSE
	EndGlobalSection
	GlobalSection(ExtensibilityGlobals) = postSolution
		SolutionGuid = {7FE1A0BE-F2CA-4B57-A2FA-A4BB179E0FE5}
	EndGlobalSection
EndGlobal
