
Microsoft Visual Studio Solution File, Format Version 12.00
# Visual Studio Version 17
VisualStudioVersion = 17.13.35818.85 d17.13
MinimumVisualStudioVersion = 10.0.40219.1
Project("{FAE04EC0-301F-11D3-BF4B-00C04F79EFBC}") = "Day05_7", "Day05_7\Day05_7.csproj", "{157D2884-6AAB-43AD-A832-659F03011AD9}"
EndProject
Global
	GlobalSection(SolutionConfigurationPlatforms) = preSolution
		Debug|Any CPU = Debug|Any CPU
		Release|Any CPU = Release|Any CPU
	EndGlobalSection
	GlobalSection(ProjectConfigurationPlatforms) = postSolution
		{157D2884-6AAB-43AD-A832-659F03011AD9}.Debug|Any CPU.ActiveCfg = Debug|Any CPU
		{157D2884-6AAB-43AD-A832-659F03011AD9}.Debug|Any CPU.Build.0 = Debug|Any CPU
		{157D2884-6AAB-43AD-A832-659F03011AD9}.Release|Any CPU.ActiveCfg = Release|Any CPU
		{157D2884-6AAB-43AD-A832-659F03011AD9}.Release|Any CPU.Build.0 = Release|Any CPU
	EndGlobalSection
	GlobalSection(SolutionProperties) = preSolution
		HideSolutionNode = FALSE
	EndGlobalSection
	GlobalSection(ExtensibilityGlobals) = postSolution
		SolutionGuid = {36F7CCD8-B7CF-42B0-9842-33F0080BC639}
	EndGlobalSection
EndGlobal
