
Microsoft Visual Studio Solution File, Format Version 12.00
# Visual Studio Version 17
VisualStudioVersion = 17.13.35818.85 d17.13
MinimumVisualStudioVersion = 10.0.40219.1
Project("{FAE04EC0-301F-11D3-BF4B-00C04F79EFBC}") = "Day07_Quest2", "Day07_Quest2\Day07_Quest2.csproj", "{04BFD727-DB17-4CEC-A53D-6DA5B1934645}"
EndProject
Global
	GlobalSection(SolutionConfigurationPlatforms) = preSolution
		Debug|Any CPU = Debug|Any CPU
		Release|Any CPU = Release|Any CPU
	EndGlobalSection
	GlobalSection(ProjectConfigurationPlatforms) = postSolution
		{04BFD727-DB17-4CEC-A53D-6DA5B1934645}.Debug|Any CPU.ActiveCfg = Debug|Any CPU
		{04BFD727-DB17-4CEC-A53D-6DA5B1934645}.Debug|Any CPU.Build.0 = Debug|Any CPU
		{04BFD727-DB17-4CEC-A53D-6DA5B1934645}.Release|Any CPU.ActiveCfg = Release|Any CPU
		{04BFD727-DB17-4CEC-A53D-6DA5B1934645}.Release|Any CPU.Build.0 = Release|Any CPU
	EndGlobalSection
	GlobalSection(SolutionProperties) = preSolution
		HideSolutionNode = FALSE
	EndGlobalSection
	GlobalSection(ExtensibilityGlobals) = postSolution
		SolutionGuid = {13BE71CF-69A5-4F56-9293-A544FAD983F3}
	EndGlobalSection
EndGlobal
